<?xml version="1.0" encoding="utf-8"?>
<Project ToolsVersion="4.0" xmlns="http://schemas.microsoft.com/developer/msbuild/2003">
  <ItemGroup>
    <ClCompile Include="WinMain.cpp">
      <Filter>ソースファイル</Filter>
    </ClCompile>
    <ClCompile Include="GameApp.cpp">
      <Filter>ソースファイル</Filter>
    </ClCompile>
    <ClCompile Include="RandomValue.cpp">
      <Filter>ソースファイル</Filter>
    </ClCompile>
    <ClCompile Include="SceneBase.cpp">
      <Filter>ソースファイル</Filter>
    </ClCompile>
    <ClCompile Include="EffectManager.cpp">
      <Filter>ソースファイル\Effect</Filter>
    </ClCompile>
    <ClCompile Include="Effect.cpp">
      <Filter>ソースファイル\Effect</Filter>
    </ClCompile>
    <ClCompile Include="Gallery.cpp">
      <Filter>ソースファイル\Gallery</Filter>
    </ClCompile>
    <ClCompile Include="GameProgMgmt.cpp">
      <Filter>ソースファイル\GameProgMgmt</Filter>
    </ClCompile>
    <ClCompile Include="Load.cpp">
      <Filter>ソースファイル\Load</Filter>
    </ClCompile>
    <ClCompile Include="Menu.cpp">
      <Filter>ソースファイル\Menu</Filter>
    </ClCompile>
    <ClCompile Include="ModeSelect.cpp">
      <Filter>ソースファイル\ModeSelect</Filter>
    </ClCompile>
    <ClCompile Include="MusicManager.cpp">
      <Filter>ソースファイル\Music</Filter>
    </ClCompile>
    <ClCompile Include="Option.cpp">
      <Filter>ソースファイル\Option</Filter>
    </ClCompile>
    <ClCompile Include="Title.cpp">
      <Filter>ソースファイル\Title</Filter>
    </ClCompile>
    <ClCompile Include="Tutorial.cpp">
      <Filter>ソースファイル\Tutorial</Filter>
    </ClCompile>
    <ClCompile Include="GameClear.cpp">
      <Filter>ソースファイル\GameClear</Filter>
    </ClCompile>
    <ClCompile Include="GameOver.cpp">
      <Filter>ソースファイル\GameOver</Filter>
    </ClCompile>
    <ClCompile Include="Player.cpp">
      <Filter>ソースファイル\Game\Player</Filter>
    </ClCompile>
    <ClCompile Include="GAME.cpp">
      <Filter>ソースファイル\Game</Filter>
    </ClCompile>
    <ClCompile Include="Stage.cpp">
      <Filter>ソースファイル\Game\Stage</Filter>
    </ClCompile>
    <ClCompile Include="Bar.cpp">
      <Filter>ソースファイル\Game\Stage\Bar</Filter>
    </ClCompile>
    <ClCompile Include="DetailPoint.cpp">
      <Filter>ソースファイル\Game\Stage\DetailPoint</Filter>
    </ClCompile>
    <ClCompile Include="Enemy.cpp">
      <Filter>ソースファイル\Game\Stage\Enemy</Filter>
    </ClCompile>
    <ClCompile Include="Obstacle.cpp">
      <Filter>ソースファイル\Game\Stage\Obstacle</Filter>
    </ClCompile>
    <ClCompile Include="DPDecision.cpp">
      <Filter>ソースファイル\DPDecision</Filter>
    </ClCompile>
  </ItemGroup>
  <ItemGroup>
    <ClInclude Include="Define.h">
      <Filter>ヘッダーファイル</Filter>
    </ClInclude>
    <ClInclude Include="GameApp.h">
      <Filter>ヘッダーファイル</Filter>
    </ClInclude>
    <ClInclude Include="RandomValue.h">
      <Filter>ヘッダーファイル</Filter>
    </ClInclude>
    <ClInclude Include="SceneBase.h">
      <Filter>ヘッダーファイル</Filter>
    </ClInclude>
    <ClInclude Include="Effect.h">
      <Filter>ソースファイル\Effect</Filter>
    </ClInclude>
    <ClInclude Include="EffectManager.h">
      <Filter>ソースファイル\Effect</Filter>
    </ClInclude>
    <ClInclude Include="Gallery.h">
      <Filter>ソースファイル\Gallery</Filter>
    </ClInclude>
    <ClInclude Include="GameProgMgmt.h">
      <Filter>ソースファイル\GameProgMgmt</Filter>
    </ClInclude>
    <ClInclude Include="Load.h">
      <Filter>ソースファイル\Load</Filter>
    </ClInclude>
    <ClInclude Include="Menu.h">
      <Filter>ソースファイル\Menu</Filter>
    </ClInclude>
    <ClInclude Include="ModeSelect.h">
      <Filter>ソースファイル\ModeSelect</Filter>
    </ClInclude>
    <ClInclude Include="MusicManager.h">
      <Filter>ソースファイル\Music</Filter>
    </ClInclude>
    <ClInclude Include="Option.h">
      <Filter>ソースファイル\Option</Filter>
    </ClInclude>
    <ClInclude Include="Title.h">
      <Filter>ソースファイル\Title</Filter>
    </ClInclude>
    <ClInclude Include="Tutorial.h">
      <Filter>ソースファイル\Tutorial</Filter>
    </ClInclude>
    <ClInclude Include="GameClear.h">
      <Filter>ソースファイル\GameClear</Filter>
    </ClInclude>
    <ClInclude Include="GameOver.h">
      <Filter>ソースファイル\GameOver</Filter>
    </ClInclude>
    <ClInclude Include="Player.h">
      <Filter>ソースファイル\Game\Player</Filter>
    </ClInclude>
    <ClInclude Include="GAME.h">
      <Filter>ソースファイル\Game</Filter>
    </ClInclude>
    <ClInclude Include="Stage.h">
      <Filter>ソースファイル\Game\Stage</Filter>
    </ClInclude>
    <ClInclude Include="Bar.h">
      <Filter>ソースファイル\Game\Stage\Bar</Filter>
    </ClInclude>
    <ClInclude Include="Stage_Obstacle.h">
      <Filter>ソースファイル\Game\Stage\Composition</Filter>
    </ClInclude>
    <ClInclude Include="Stage_Enemy.h">
      <Filter>ソースファイル\Game\Stage\Composition</Filter>
    </ClInclude>
    <ClInclude Include="Stage_DP.h">
      <Filter>ソースファイル\Game\Stage\Composition</Filter>
    </ClInclude>
    <ClInclude Include="Stage_Bar.h">
      <Filter>ソースファイル\Game\Stage\Composition</Filter>
    </ClInclude>
    <ClInclude Include="DetailPoint.h">
      <Filter>ソースファイル\Game\Stage\DetailPoint</Filter>
    </ClInclude>
    <ClInclude Include="Enemy.h">
      <Filter>ソースファイル\Game\Stage\Enemy</Filter>
    </ClInclude>
    <ClInclude Include="Obstacle.h">
      <Filter>ソースファイル\Game\Stage\Obstacle</Filter>
    </ClInclude>
    <ClInclude Include="DPDecision.h">
      <Filter>ソースファイル\DPDecision</Filter>
    </ClInclude>
    <ClInclude Include="resource.h" />
  </ItemGroup>
  <ItemGroup>
    <Filter Include="ソースファイル">
      <UniqueIdentifier>{9253cc56-4f36-4b9f-94bd-011256121015}</UniqueIdentifier>
    </Filter>
    <Filter Include="ヘッダーファイル">
      <UniqueIdentifier>{cb360503-afe9-44a7-a295-c9c0df7664a9}</UniqueIdentifier>
    </Filter>
    <Filter Include="ソースファイル\Effect">
      <UniqueIdentifier>{b84d52ba-67c5-4a9c-9f40-4f5dc84a7e5f}</UniqueIdentifier>
    </Filter>
    <Filter Include="ソースファイル\Gallery">
      <UniqueIdentifier>{39ed3beb-363e-4dbd-b08f-a92f9d196e11}</UniqueIdentifier>
    </Filter>
    <Filter Include="ソースファイル\GameProgMgmt">
      <UniqueIdentifier>{65a1a252-e2f3-4bff-a264-013692f472fd}</UniqueIdentifier>
    </Filter>
    <Filter Include="ソースファイル\Load">
      <UniqueIdentifier>{b96505a2-7e60-4255-828e-2ffcc7b1f998}</UniqueIdentifier>
    </Filter>
    <Filter Include="ソースファイル\Menu">
      <UniqueIdentifier>{e3894a78-dc2d-4bf1-b8a1-2b744e1602a2}</UniqueIdentifier>
    </Filter>
    <Filter Include="ソースファイル\ModeSelect">
      <UniqueIdentifier>{2971eca7-131b-4e15-b163-6d8ada66eb68}</UniqueIdentifier>
    </Filter>
    <Filter Include="ソースファイル\Music">
      <UniqueIdentifier>{8b8a8eaf-09f0-490a-ab7f-8f0f92d79568}</UniqueIdentifier>
    </Filter>
    <Filter Include="ソースファイル\Option">
      <UniqueIdentifier>{ca0b1f1e-d503-4f53-84fb-3c712e65162e}</UniqueIdentifier>
    </Filter>
    <Filter Include="ソースファイル\Title">
      <UniqueIdentifier>{8e3cab7a-b569-4db4-8664-089e2e9b8b59}</UniqueIdentifier>
    </Filter>
    <Filter Include="ソースファイル\Tutorial">
      <UniqueIdentifier>{0ac58070-f34b-4c0d-bc33-7823180cb57d}</UniqueIdentifier>
    </Filter>
    <Filter Include="ソースファイル\Game">
      <UniqueIdentifier>{f3b39e68-8fa4-49e8-b1f5-160489b3bbb0}</UniqueIdentifier>
    </Filter>
    <Filter Include="ソースファイル\Game\Player">
      <UniqueIdentifier>{58f74fb3-840d-4e16-897e-6caceadbfa30}</UniqueIdentifier>
    </Filter>
    <Filter Include="ソースファイル\Game\Stage">
      <UniqueIdentifier>{bcbacf7e-eec1-4fdd-9a74-04f2182b1a27}</UniqueIdentifier>
    </Filter>
    <Filter Include="ソースファイル\Game\Stage\Bar">
      <UniqueIdentifier>{251b58d6-f2fd-4477-a7b0-d96c3976320f}</UniqueIdentifier>
    </Filter>
    <Filter Include="ソースファイル\Game\Stage\Composition">
      <UniqueIdentifier>{7c0ab294-a1ac-4705-94af-1f62ca38d56a}</UniqueIdentifier>
    </Filter>
    <Filter Include="ソースファイル\Game\Stage\DetailPoint">
      <UniqueIdentifier>{98c4fe10-375a-4e97-b83b-036340d38a13}</UniqueIdentifier>
    </Filter>
    <Filter Include="ソースファイル\Game\Stage\Enemy">
      <UniqueIdentifier>{f7032051-9e6c-4574-b0a6-62eaa541f59c}</UniqueIdentifier>
    </Filter>
    <Filter Include="ソースファイル\Game\Stage\Obstacle">
      <UniqueIdentifier>{62451fa8-d360-4199-b7c7-5db48e48524a}</UniqueIdentifier>
    </Filter>
    <Filter Include="ソースファイル\DPDecision">
      <UniqueIdentifier>{85721a57-3d55-44ae-9075-21d91a185217}</UniqueIdentifier>
    </Filter>
    <Filter Include="ソースファイル\GameOver">
      <UniqueIdentifier>{3617de31-33ae-4b56-b2ed-df902f9d9f4b}</UniqueIdentifier>
    </Filter>
    <Filter Include="ソースファイル\GameClear">
      <UniqueIdentifier>{33de38a5-aac9-4988-8a77-1413b1f5f9aa}</UniqueIdentifier>
    </Filter>
  </ItemGroup>
  <ItemGroup>
    <ResourceCompile Include="Sample.rc" />
  </ItemGroup>
  <ItemGroup>
    <Image Include="..\Resource\gameicon.ico" />
  </ItemGroup>
</Project>